// !$*UTF8*$!
{
	archiveVersion = 1;
	classes = {
	};
	objectVersion = 56;
	objects = {

/* Begin PBXBuildFile section */
		180247412A206B2400B7B221 /* AlertController.swift in Sources */ = {isa = PBXBuildFile; fileRef = 180247402A206B2400B7B221 /* AlertController.swift */; };
		180247432A207B9F00B7B221 /* SignInViewController.swift in Sources */ = {isa = PBXBuildFile; fileRef = 180247422A207B9F00B7B221 /* SignInViewController.swift */; };
		180247452A208CCE00B7B221 /* SignUpViewController.swift in Sources */ = {isa = PBXBuildFile; fileRef = 180247442A208CCE00B7B221 /* SignUpViewController.swift */; };
		180247492A209F8F00B7B221 /* AuthFormStackView.swift in Sources */ = {isa = PBXBuildFile; fileRef = 180247482A209F8F00B7B221 /* AuthFormStackView.swift */; };
		1805177C2A25954100DB9152 /* DiaryListViewModel.swift in Sources */ = {isa = PBXBuildFile; fileRef = 1805177B2A25954100DB9152 /* DiaryListViewModel.swift */; };
		180517802A25E1AF00DB9152 /* DiaryService.swift in Sources */ = {isa = PBXBuildFile; fileRef = 1805177F2A25E1AF00DB9152 /* DiaryService.swift */; };
		180517832A25E9C600DB9152 /* JsonDecoder + Extensions.swift in Sources */ = {isa = PBXBuildFile; fileRef = 180517822A25E9C600DB9152 /* JsonDecoder + Extensions.swift */; };
		180517852A25ECF500DB9152 /* DateFormatter + Extensions.swift in Sources */ = {isa = PBXBuildFile; fileRef = 180517842A25ECF500DB9152 /* DateFormatter + Extensions.swift */; };
		180517882A25F77600DB9152 /* Reusable + Extensions.swift in Sources */ = {isa = PBXBuildFile; fileRef = 180517872A25F77600DB9152 /* Reusable + Extensions.swift */; };
		180F957C2A1B355F00C571FD /* AppDelegate.swift in Sources */ = {isa = PBXBuildFile; fileRef = 180F957B2A1B355F00C571FD /* AppDelegate.swift */; };
		180F957E2A1B355F00C571FD /* SceneDelegate.swift in Sources */ = {isa = PBXBuildFile; fileRef = 180F957D2A1B355F00C571FD /* SceneDelegate.swift */; };
		180F95802A1B355F00C571FD /* DiaryListViewController.swift in Sources */ = {isa = PBXBuildFile; fileRef = 180F957F2A1B355F00C571FD /* DiaryListViewController.swift */; };
		180F95852A1B356000C571FD /* Assets.xcassets in Resources */ = {isa = PBXBuildFile; fileRef = 180F95842A1B356000C571FD /* Assets.xcassets */; };
		180F95882A1B356000C571FD /* LaunchScreen.storyboard in Resources */ = {isa = PBXBuildFile; fileRef = 180F95862A1B356000C571FD /* LaunchScreen.storyboard */; };
		18194A602A1F36E700C0541F /* Setting.swift in Sources */ = {isa = PBXBuildFile; fileRef = 18194A5F2A1F36E700C0541F /* Setting.swift */; };
		185F81622A1CC6F000C4D554 /* Diary.swift in Sources */ = {isa = PBXBuildFile; fileRef = 185F81612A1CC6F000C4D554 /* Diary.swift */; };
		185F81662A1CCA6A00C4D554 /* SnapKit in Frameworks */ = {isa = PBXBuildFile; productRef = 185F81652A1CCA6A00C4D554 /* SnapKit */; };
		185F81692A1CCB7700C4D554 /* DiaryListCell.swift in Sources */ = {isa = PBXBuildFile; fileRef = 185F81682A1CCB7700C4D554 /* DiaryListCell.swift */; };
		188423082A1DC5AD0047A946 /* TabViewController.swift in Sources */ = {isa = PBXBuildFile; fileRef = 188423072A1DC5AD0047A946 /* TabViewController.swift */; };
		18A8E1082A1CE7C4007125FC /* Date + Extension.swift in Sources */ = {isa = PBXBuildFile; fileRef = 18A8E1072A1CE7C4007125FC /* Date + Extension.swift */; };
		18A8E10A2A1CF512007125FC /* DiaryWriteViewController.swift in Sources */ = {isa = PBXBuildFile; fileRef = 18A8E1092A1CF512007125FC /* DiaryWriteViewController.swift */; };
		18A8E10C2A1CF824007125FC /* ConditionButton.swift in Sources */ = {isa = PBXBuildFile; fileRef = 18A8E10B2A1CF824007125FC /* ConditionButton.swift */; };
		18BDA4082A1E08C0000C5BFA /* SavedDiaryViewController.swift in Sources */ = {isa = PBXBuildFile; fileRef = 18BDA4072A1E08C0000C5BFA /* SavedDiaryViewController.swift */; };
		18BDA40A2A1E150E000C5BFA /* SavedDiaryCell.swift in Sources */ = {isa = PBXBuildFile; fileRef = 18BDA4092A1E150E000C5BFA /* SavedDiaryCell.swift */; };
		18BDA40C2A1E1E7C000C5BFA /* SettingViewController.swift in Sources */ = {isa = PBXBuildFile; fileRef = 18BDA40B2A1E1E7C000C5BFA /* SettingViewController.swift */; };
		18BDA40E2A1E5BE8000C5BFA /* SettingCell.swift in Sources */ = {isa = PBXBuildFile; fileRef = 18BDA40D2A1E5BE8000C5BFA /* SettingCell.swift */; };
		18D0154E2A1FBA45002DBF22 /* RxCocoa in Frameworks */ = {isa = PBXBuildFile; productRef = 18D0154D2A1FBA45002DBF22 /* RxCocoa */; };
		18D015502A1FBA45002DBF22 /* RxRelay in Frameworks */ = {isa = PBXBuildFile; productRef = 18D0154F2A1FBA45002DBF22 /* RxRelay */; };
		18D015522A1FBA45002DBF22 /* RxSwift in Frameworks */ = {isa = PBXBuildFile; productRef = 18D015512A1FBA45002DBF22 /* RxSwift */; };
/* End PBXBuildFile section */

/* Begin PBXFileReference section */
		180247402A206B2400B7B221 /* AlertController.swift */ = {isa = PBXFileReference; lastKnownFileType = sourcecode.swift; path = AlertController.swift; sourceTree = "<group>"; };
		180247422A207B9F00B7B221 /* SignInViewController.swift */ = {isa = PBXFileReference; lastKnownFileType = sourcecode.swift; path = SignInViewController.swift; sourceTree = "<group>"; };
		180247442A208CCE00B7B221 /* SignUpViewController.swift */ = {isa = PBXFileReference; lastKnownFileType = sourcecode.swift; path = SignUpViewController.swift; sourceTree = "<group>"; };
		180247482A209F8F00B7B221 /* AuthFormStackView.swift */ = {isa = PBXFileReference; lastKnownFileType = sourcecode.swift; path = AuthFormStackView.swift; sourceTree = "<group>"; };
		1805177B2A25954100DB9152 /* DiaryListViewModel.swift */ = {isa = PBXFileReference; lastKnownFileType = sourcecode.swift; path = DiaryListViewModel.swift; sourceTree = "<group>"; };
		1805177F2A25E1AF00DB9152 /* DiaryService.swift */ = {isa = PBXFileReference; lastKnownFileType = sourcecode.swift; path = DiaryService.swift; sourceTree = "<group>"; };
		180517822A25E9C600DB9152 /* JsonDecoder + Extensions.swift */ = {isa = PBXFileReference; lastKnownFileType = sourcecode.swift; path = "JsonDecoder + Extensions.swift"; sourceTree = "<group>"; };
		180517842A25ECF500DB9152 /* DateFormatter + Extensions.swift */ = {isa = PBXFileReference; lastKnownFileType = sourcecode.swift; path = "DateFormatter + Extensions.swift"; sourceTree = "<group>"; };
		180517872A25F77600DB9152 /* Reusable + Extensions.swift */ = {isa = PBXFileReference; lastKnownFileType = sourcecode.swift; path = "Reusable + Extensions.swift"; sourceTree = "<group>"; };
		180F95782A1B355F00C571FD /* MODA.app */ = {isa = PBXFileReference; explicitFileType = wrapper.application; includeInIndex = 0; path = MODA.app; sourceTree = BUILT_PRODUCTS_DIR; };
		180F957B2A1B355F00C571FD /* AppDelegate.swift */ = {isa = PBXFileReference; lastKnownFileType = sourcecode.swift; path = AppDelegate.swift; sourceTree = "<group>"; };
		180F957D2A1B355F00C571FD /* SceneDelegate.swift */ = {isa = PBXFileReference; lastKnownFileType = sourcecode.swift; path = SceneDelegate.swift; sourceTree = "<group>"; };
		180F957F2A1B355F00C571FD /* DiaryListViewController.swift */ = {isa = PBXFileReference; lastKnownFileType = sourcecode.swift; path = DiaryListViewController.swift; sourceTree = "<group>"; };
		180F95842A1B356000C571FD /* Assets.xcassets */ = {isa = PBXFileReference; lastKnownFileType = folder.assetcatalog; path = Assets.xcassets; sourceTree = "<group>"; };
		180F95872A1B356000C571FD /* Base */ = {isa = PBXFileReference; lastKnownFileType = file.storyboard; name = Base; path = Base.lproj/LaunchScreen.storyboard; sourceTree = "<group>"; };
		180F95892A1B356000C571FD /* Info.plist */ = {isa = PBXFileReference; lastKnownFileType = text.plist.xml; path = Info.plist; sourceTree = "<group>"; };
		18194A5F2A1F36E700C0541F /* Setting.swift */ = {isa = PBXFileReference; lastKnownFileType = sourcecode.swift; path = Setting.swift; sourceTree = "<group>"; };
		185F81612A1CC6F000C4D554 /* Diary.swift */ = {isa = PBXFileReference; lastKnownFileType = sourcecode.swift; path = Diary.swift; sourceTree = "<group>"; };
		185F81682A1CCB7700C4D554 /* DiaryListCell.swift */ = {isa = PBXFileReference; lastKnownFileType = sourcecode.swift; path = DiaryListCell.swift; sourceTree = "<group>"; };
		188423072A1DC5AD0047A946 /* TabViewController.swift */ = {isa = PBXFileReference; lastKnownFileType = sourcecode.swift; path = TabViewController.swift; sourceTree = "<group>"; };
		18A8E1072A1CE7C4007125FC /* Date + Extension.swift */ = {isa = PBXFileReference; lastKnownFileType = sourcecode.swift; path = "Date + Extension.swift"; sourceTree = "<group>"; };
		18A8E1092A1CF512007125FC /* DiaryWriteViewController.swift */ = {isa = PBXFileReference; lastKnownFileType = sourcecode.swift; path = DiaryWriteViewController.swift; sourceTree = "<group>"; };
		18A8E10B2A1CF824007125FC /* ConditionButton.swift */ = {isa = PBXFileReference; lastKnownFileType = sourcecode.swift; path = ConditionButton.swift; sourceTree = "<group>"; };
		18BDA4072A1E08C0000C5BFA /* SavedDiaryViewController.swift */ = {isa = PBXFileReference; lastKnownFileType = sourcecode.swift; path = SavedDiaryViewController.swift; sourceTree = "<group>"; };
		18BDA4092A1E150E000C5BFA /* SavedDiaryCell.swift */ = {isa = PBXFileReference; lastKnownFileType = sourcecode.swift; path = SavedDiaryCell.swift; sourceTree = "<group>"; };
		18BDA40B2A1E1E7C000C5BFA /* SettingViewController.swift */ = {isa = PBXFileReference; lastKnownFileType = sourcecode.swift; path = SettingViewController.swift; sourceTree = "<group>"; };
		18BDA40D2A1E5BE8000C5BFA /* SettingCell.swift */ = {isa = PBXFileReference; lastKnownFileType = sourcecode.swift; path = SettingCell.swift; sourceTree = "<group>"; };
/* End PBXFileReference section */

/* Begin PBXFrameworksBuildPhase section */
		180F95752A1B355F00C571FD /* Frameworks */ = {
			isa = PBXFrameworksBuildPhase;
			buildActionMask = 2147483647;
			files = (
				18D015502A1FBA45002DBF22 /* RxRelay in Frameworks */,
				18D0154E2A1FBA45002DBF22 /* RxCocoa in Frameworks */,
				18D015522A1FBA45002DBF22 /* RxSwift in Frameworks */,
				185F81662A1CCA6A00C4D554 /* SnapKit in Frameworks */,
			);
			runOnlyForDeploymentPostprocessing = 0;
		};
/* End PBXFrameworksBuildPhase section */

/* Begin PBXGroup section */
		180517742A2592F400DB9152 /* ViewModel */ = {
			isa = PBXGroup;
			children = (
				1805177B2A25954100DB9152 /* DiaryListViewModel.swift */,
			);
			path = ViewModel;
			sourceTree = "<group>";
		};
		180517752A2592F900DB9152 /* DiaryListView */ = {
			isa = PBXGroup;
			children = (
				180F957F2A1B355F00C571FD /* DiaryListViewController.swift */,
			);
			path = DiaryListView;
			sourceTree = "<group>";
		};
		180517762A25931E00DB9152 /* DiaryWriteView */ = {
			isa = PBXGroup;
			children = (
				18A8E1092A1CF512007125FC /* DiaryWriteViewController.swift */,
			);
			path = DiaryWriteView;
			sourceTree = "<group>";
		};
		180517772A25932E00DB9152 /* SavedDiaryView */ = {
			isa = PBXGroup;
			children = (
				18BDA4072A1E08C0000C5BFA /* SavedDiaryViewController.swift */,
			);
			path = SavedDiaryView;
			sourceTree = "<group>";
		};
		180517782A25933900DB9152 /* SettingView */ = {
			isa = PBXGroup;
			children = (
				18BDA40B2A1E1E7C000C5BFA /* SettingViewController.swift */,
			);
			path = SettingView;
			sourceTree = "<group>";
		};
		180517792A25934200DB9152 /* AuthView */ = {
			isa = PBXGroup;
			children = (
				180247422A207B9F00B7B221 /* SignInViewController.swift */,
				180247442A208CCE00B7B221 /* SignUpViewController.swift */,
			);
			path = AuthView;
			sourceTree = "<group>";
		};
		1805177E2A25E1A600DB9152 /* Services */ = {
			isa = PBXGroup;
			children = (
				1805177F2A25E1AF00DB9152 /* DiaryService.swift */,
			);
			path = Services;
			sourceTree = "<group>";
		};
		180517892A2603DF00DB9152 /* Utility */ = {
			isa = PBXGroup;
			children = (
				18A8E1062A1CE7BC007125FC /* Extensions */,
				1805177E2A25E1A600DB9152 /* Services */,
			);
			path = Utility;
			sourceTree = "<group>";
		};
		1805178A2A2603F900DB9152 /* Comman */ = {
			isa = PBXGroup;
			children = (
				1805178C2A26041A00DB9152 /* ViewController */,
				1805178B2A26040D00DB9152 /* View */,
			);
			path = Comman;
			sourceTree = "<group>";
		};
		1805178B2A26040D00DB9152 /* View */ = {
			isa = PBXGroup;
			children = (
				18BDA40D2A1E5BE8000C5BFA /* SettingCell.swift */,
				18BDA4092A1E150E000C5BFA /* SavedDiaryCell.swift */,
				185F81682A1CCB7700C4D554 /* DiaryListCell.swift */,
				18A8E10B2A1CF824007125FC /* ConditionButton.swift */,
				180247482A209F8F00B7B221 /* AuthFormStackView.swift */,
			);
			path = View;
			sourceTree = "<group>";
		};
		1805178C2A26041A00DB9152 /* ViewController */ = {
			isa = PBXGroup;
			children = (
				180247402A206B2400B7B221 /* AlertController.swift */,
			);
			path = ViewController;
			sourceTree = "<group>";
		};
		1805178D2A26044000DB9152 /* Domain */ = {
			isa = PBXGroup;
			children = (
				185F81602A1CC6C300C4D554 /* Model */,
			);
			path = Domain;
			sourceTree = "<group>";
		};
		180983EC2A1B676500F0E854 /* Views */ = {
			isa = PBXGroup;
			children = (
				1805178A2A2603F900DB9152 /* Comman */,
				180517792A25934200DB9152 /* AuthView */,
				180517752A2592F900DB9152 /* DiaryListView */,
				180517762A25931E00DB9152 /* DiaryWriteView */,
				180517772A25932E00DB9152 /* SavedDiaryView */,
				180517782A25933900DB9152 /* SettingView */,
				188423072A1DC5AD0047A946 /* TabViewController.swift */,
			);
			path = Views;
			sourceTree = "<group>";
		};
		180983ED2A1B676A00F0E854 /* App */ = {
			isa = PBXGroup;
			children = (
				180F957B2A1B355F00C571FD /* AppDelegate.swift */,
				180F957D2A1B355F00C571FD /* SceneDelegate.swift */,
			);
			path = App;
			sourceTree = "<group>";
		};
		180F956F2A1B355F00C571FD = {
			isa = PBXGroup;
			children = (
				180F957A2A1B355F00C571FD /* MODA */,
				180F95792A1B355F00C571FD /* Products */,
			);
			sourceTree = "<group>";
		};
		180F95792A1B355F00C571FD /* Products */ = {
			isa = PBXGroup;
			children = (
				180F95782A1B355F00C571FD /* MODA.app */,
			);
			name = Products;
			sourceTree = "<group>";
		};
		180F957A2A1B355F00C571FD /* MODA */ = {
			isa = PBXGroup;
			children = (
				180F95912A1B3C5600C571FD /* Sources */,
				180F95902A1B3C5200C571FD /* Resource */,
			);
			path = MODA;
			sourceTree = "<group>";
		};
		180F95902A1B3C5200C571FD /* Resource */ = {
			isa = PBXGroup;
			children = (
				180F95842A1B356000C571FD /* Assets.xcassets */,
				180F95862A1B356000C571FD /* LaunchScreen.storyboard */,
				180F95892A1B356000C571FD /* Info.plist */,
			);
			path = Resource;
			sourceTree = "<group>";
		};
		180F95912A1B3C5600C571FD /* Sources */ = {
			isa = PBXGroup;
			children = (
				180983ED2A1B676A00F0E854 /* App */,
				1805178D2A26044000DB9152 /* Domain */,
				180517892A2603DF00DB9152 /* Utility */,
				180517742A2592F400DB9152 /* ViewModel */,
				180983EC2A1B676500F0E854 /* Views */,
			);
			path = Sources;
			sourceTree = "<group>";
		};
		185F81602A1CC6C300C4D554 /* Model */ = {
			isa = PBXGroup;
			children = (
				185F81612A1CC6F000C4D554 /* Diary.swift */,
				18194A5F2A1F36E700C0541F /* Setting.swift */,
			);
			path = Model;
			sourceTree = "<group>";
		};
		18A8E1062A1CE7BC007125FC /* Extensions */ = {
			isa = PBXGroup;
			children = (
				18A8E1072A1CE7C4007125FC /* Date + Extension.swift */,
				180517822A25E9C600DB9152 /* JsonDecoder + Extensions.swift */,
				180517842A25ECF500DB9152 /* DateFormatter + Extensions.swift */,
				180517872A25F77600DB9152 /* Reusable + Extensions.swift */,
			);
			path = Extensions;
			sourceTree = "<group>";
		};
/* End PBXGroup section */

/* Begin PBXNativeTarget section */
		180F95772A1B355F00C571FD /* MODA */ = {
			isa = PBXNativeTarget;
			buildConfigurationList = 180F958C2A1B356000C571FD /* Build configuration list for PBXNativeTarget "MODA" */;
			buildPhases = (
				180F958F2A1B38D000C571FD /* SwiftLint Script */,
				180F95742A1B355F00C571FD /* Sources */,
				180F95752A1B355F00C571FD /* Frameworks */,
				180F95762A1B355F00C571FD /* Resources */,
			);
			buildRules = (
			);
			dependencies = (
			);
			name = MODA;
			packageProductDependencies = (
				185F81652A1CCA6A00C4D554 /* SnapKit */,
				18D0154D2A1FBA45002DBF22 /* RxCocoa */,
				18D0154F2A1FBA45002DBF22 /* RxRelay */,
				18D015512A1FBA45002DBF22 /* RxSwift */,
			);
			productName = MODA;
			productReference = 180F95782A1B355F00C571FD /* MODA.app */;
			productType = "com.apple.product-type.application";
		};
/* End PBXNativeTarget section */

/* Begin PBXProject section */
		180F95702A1B355F00C571FD /* Project object */ = {
			isa = PBXProject;
			attributes = {
				BuildIndependentTargetsInParallel = 1;
				LastSwiftUpdateCheck = 1420;
				LastUpgradeCheck = 1420;
				TargetAttributes = {
					180F95772A1B355F00C571FD = {
						CreatedOnToolsVersion = 14.2;
					};
				};
			};
			buildConfigurationList = 180F95732A1B355F00C571FD /* Build configuration list for PBXProject "MODA" */;
			compatibilityVersion = "Xcode 14.0";
			developmentRegion = en;
			hasScannedForEncodings = 0;
			knownRegions = (
				en,
				Base,
			);
			mainGroup = 180F956F2A1B355F00C571FD;
			packageReferences = (
				185F81642A1CCA6A00C4D554 /* XCRemoteSwiftPackageReference "SnapKit" */,
				18D0154C2A1FBA45002DBF22 /* XCRemoteSwiftPackageReference "RxSwift" */,
			);
			productRefGroup = 180F95792A1B355F00C571FD /* Products */;
			projectDirPath = "";
			projectRoot = "";
			targets = (
				180F95772A1B355F00C571FD /* MODA */,
			);
		};
/* End PBXProject section */

/* Begin PBXResourcesBuildPhase section */
		180F95762A1B355F00C571FD /* Resources */ = {
			isa = PBXResourcesBuildPhase;
			buildActionMask = 2147483647;
			files = (
				180F95882A1B356000C571FD /* LaunchScreen.storyboard in Resources */,
				180F95852A1B356000C571FD /* Assets.xcassets in Resources */,
			);
			runOnlyForDeploymentPostprocessing = 0;
		};
/* End PBXResourcesBuildPhase section */

/* Begin PBXShellScriptBuildPhase section */
		180F958F2A1B38D000C571FD /* SwiftLint Script */ = {
			isa = PBXShellScriptBuildPhase;
			alwaysOutOfDate = 1;
			buildActionMask = 12;
			files = (
			);
			inputFileListPaths = (
			);
			inputPaths = (
			);
			name = "SwiftLint Script";
			outputFileListPaths = (
			);
			outputPaths = (
			);
			runOnlyForDeploymentPostprocessing = 0;
			shellPath = /bin/sh;
			shellScript = "if [[ \"$(uname -m)\" == arm64 ]]; then\n    export PATH=\"/opt/homebrew/bin:$PATH\"\nfi\n\nif which swiftlint > /dev/null; then\n  swiftlint\nelse\n  echo \"warning: SwiftLint not installed, download from https://github.com/realm/SwiftLint\"\nfi\n";
		};
/* End PBXShellScriptBuildPhase section */

/* Begin PBXSourcesBuildPhase section */
		180F95742A1B355F00C571FD /* Sources */ = {
			isa = PBXSourcesBuildPhase;
			buildActionMask = 2147483647;
			files = (
				18BDA4082A1E08C0000C5BFA /* SavedDiaryViewController.swift in Sources */,
				180517832A25E9C600DB9152 /* JsonDecoder + Extensions.swift in Sources */,
				180247412A206B2400B7B221 /* AlertController.swift in Sources */,
				180F95802A1B355F00C571FD /* DiaryListViewController.swift in Sources */,
				180517802A25E1AF00DB9152 /* DiaryService.swift in Sources */,
				1805177C2A25954100DB9152 /* DiaryListViewModel.swift in Sources */,
				185F81692A1CCB7700C4D554 /* DiaryListCell.swift in Sources */,
				180F957C2A1B355F00C571FD /* AppDelegate.swift in Sources */,
				180247492A209F8F00B7B221 /* AuthFormStackView.swift in Sources */,
				180247452A208CCE00B7B221 /* SignUpViewController.swift in Sources */,
				18194A602A1F36E700C0541F /* Setting.swift in Sources */,
				18A8E10C2A1CF824007125FC /* ConditionButton.swift in Sources */,
				180517882A25F77600DB9152 /* Reusable + Extensions.swift in Sources */,
				180F957E2A1B355F00C571FD /* SceneDelegate.swift in Sources */,
				18BDA40A2A1E150E000C5BFA /* SavedDiaryCell.swift in Sources */,
				180517852A25ECF500DB9152 /* DateFormatter + Extensions.swift in Sources */,
				18BDA40E2A1E5BE8000C5BFA /* SettingCell.swift in Sources */,
				185F81622A1CC6F000C4D554 /* Diary.swift in Sources */,
				188423082A1DC5AD0047A946 /* TabViewController.swift in Sources */,
				180247432A207B9F00B7B221 /* SignInViewController.swift in Sources */,
				18A8E10A2A1CF512007125FC /* DiaryWriteViewController.swift in Sources */,
				18A8E1082A1CE7C4007125FC /* Date + Extension.swift in Sources */,
				18BDA40C2A1E1E7C000C5BFA /* SettingViewController.swift in Sources */,
			);
			runOnlyForDeploymentPostprocessing = 0;
		};
/* End PBXSourcesBuildPhase section */

/* Begin PBXVariantGroup section */
		180F95862A1B356000C571FD /* LaunchScreen.storyboard */ = {
			isa = PBXVariantGroup;
			children = (
				180F95872A1B356000C571FD /* Base */,
			);
			name = LaunchScreen.storyboard;
			sourceTree = "<group>";
		};
/* End PBXVariantGroup section */

/* Begin XCBuildConfiguration section */
		180F958A2A1B356000C571FD /* Debug */ = {
			isa = XCBuildConfiguration;
			buildSettings = {
				ALWAYS_SEARCH_USER_PATHS = NO;
				CLANG_ANALYZER_NONNULL = YES;
				CLANG_ANALYZER_NUMBER_OBJECT_CONVERSION = YES_AGGRESSIVE;
				CLANG_CXX_LANGUAGE_STANDARD = "gnu++20";
				CLANG_ENABLE_MODULES = YES;
				CLANG_ENABLE_OBJC_ARC = YES;
				CLANG_ENABLE_OBJC_WEAK = YES;
				CLANG_WARN_BLOCK_CAPTURE_AUTORELEASING = YES;
				CLANG_WARN_BOOL_CONVERSION = YES;
				CLANG_WARN_COMMA = YES;
				CLANG_WARN_CONSTANT_CONVERSION = YES;
				CLANG_WARN_DEPRECATED_OBJC_IMPLEMENTATIONS = YES;
				CLANG_WARN_DIRECT_OBJC_ISA_USAGE = YES_ERROR;
				CLANG_WARN_DOCUMENTATION_COMMENTS = YES;
				CLANG_WARN_EMPTY_BODY = YES;
				CLANG_WARN_ENUM_CONVERSION = YES;
				CLANG_WARN_INFINITE_RECURSION = YES;
				CLANG_WARN_INT_CONVERSION = YES;
				CLANG_WARN_NON_LITERAL_NULL_CONVERSION = YES;
				CLANG_WARN_OBJC_IMPLICIT_RETAIN_SELF = YES;
				CLANG_WARN_OBJC_LITERAL_CONVERSION = YES;
				CLANG_WARN_OBJC_ROOT_CLASS = YES_ERROR;
				CLANG_WARN_QUOTED_INCLUDE_IN_FRAMEWORK_HEADER = YES;
				CLANG_WARN_RANGE_LOOP_ANALYSIS = YES;
				CLANG_WARN_STRICT_PROTOTYPES = YES;
				CLANG_WARN_SUSPICIOUS_MOVE = YES;
				CLANG_WARN_UNGUARDED_AVAILABILITY = YES_AGGRESSIVE;
				CLANG_WARN_UNREACHABLE_CODE = YES;
				CLANG_WARN__DUPLICATE_METHOD_MATCH = YES;
				COPY_PHASE_STRIP = NO;
				DEBUG_INFORMATION_FORMAT = dwarf;
				ENABLE_STRICT_OBJC_MSGSEND = YES;
				ENABLE_TESTABILITY = YES;
				GCC_C_LANGUAGE_STANDARD = gnu11;
				GCC_DYNAMIC_NO_PIC = NO;
				GCC_NO_COMMON_BLOCKS = YES;
				GCC_OPTIMIZATION_LEVEL = 0;
				GCC_PREPROCESSOR_DEFINITIONS = (
					"DEBUG=1",
					"$(inherited)",
				);
				GCC_WARN_64_TO_32_BIT_CONVERSION = YES;
				GCC_WARN_ABOUT_RETURN_TYPE = YES_ERROR;
				GCC_WARN_UNDECLARED_SELECTOR = YES;
				GCC_WARN_UNINITIALIZED_AUTOS = YES_AGGRESSIVE;
				GCC_WARN_UNUSED_FUNCTION = YES;
				GCC_WARN_UNUSED_VARIABLE = YES;
				IPHONEOS_DEPLOYMENT_TARGET = 14.0;
				MTL_ENABLE_DEBUG_INFO = INCLUDE_SOURCE;
				MTL_FAST_MATH = YES;
				ONLY_ACTIVE_ARCH = YES;
				SDKROOT = iphoneos;
				SWIFT_ACTIVE_COMPILATION_CONDITIONS = DEBUG;
				SWIFT_OPTIMIZATION_LEVEL = "-Onone";
			};
			name = Debug;
		};
		180F958B2A1B356000C571FD /* Release */ = {
			isa = XCBuildConfiguration;
			buildSettings = {
				ALWAYS_SEARCH_USER_PATHS = NO;
				CLANG_ANALYZER_NONNULL = YES;
				CLANG_ANALYZER_NUMBER_OBJECT_CONVERSION = YES_AGGRESSIVE;
				CLANG_CXX_LANGUAGE_STANDARD = "gnu++20";
				CLANG_ENABLE_MODULES = YES;
				CLANG_ENABLE_OBJC_ARC = YES;
				CLANG_ENABLE_OBJC_WEAK = YES;
				CLANG_WARN_BLOCK_CAPTURE_AUTORELEASING = YES;
				CLANG_WARN_BOOL_CONVERSION = YES;
				CLANG_WARN_COMMA = YES;
				CLANG_WARN_CONSTANT_CONVERSION = YES;
				CLANG_WARN_DEPRECATED_OBJC_IMPLEMENTATIONS = YES;
				CLANG_WARN_DIRECT_OBJC_ISA_USAGE = YES_ERROR;
				CLANG_WARN_DOCUMENTATION_COMMENTS = YES;
				CLANG_WARN_EMPTY_BODY = YES;
				CLANG_WARN_ENUM_CONVERSION = YES;
				CLANG_WARN_INFINITE_RECURSION = YES;
				CLANG_WARN_INT_CONVERSION = YES;
				CLANG_WARN_NON_LITERAL_NULL_CONVERSION = YES;
				CLANG_WARN_OBJC_IMPLICIT_RETAIN_SELF = YES;
				CLANG_WARN_OBJC_LITERAL_CONVERSION = YES;
				CLANG_WARN_OBJC_ROOT_CLASS = YES_ERROR;
				CLANG_WARN_QUOTED_INCLUDE_IN_FRAMEWORK_HEADER = YES;
				CLANG_WARN_RANGE_LOOP_ANALYSIS = YES;
				CLANG_WARN_STRICT_PROTOTYPES = YES;
				CLANG_WARN_SUSPICIOUS_MOVE = YES;
				CLANG_WARN_UNGUARDED_AVAILABILITY = YES_AGGRESSIVE;
				CLANG_WARN_UNREACHABLE_CODE = YES;
				CLANG_WARN__DUPLICATE_METHOD_MATCH = YES;
				COPY_PHASE_STRIP = NO;
				DEBUG_INFORMATION_FORMAT = "dwarf-with-dsym";
				ENABLE_NS_ASSERTIONS = NO;
				ENABLE_STRICT_OBJC_MSGSEND = YES;
				GCC_C_LANGUAGE_STANDARD = gnu11;
				GCC_NO_COMMON_BLOCKS = YES;
				GCC_WARN_64_TO_32_BIT_CONVERSION = YES;
				GCC_WARN_ABOUT_RETURN_TYPE = YES_ERROR;
				GCC_WARN_UNDECLARED_SELECTOR = YES;
				GCC_WARN_UNINITIALIZED_AUTOS = YES_AGGRESSIVE;
				GCC_WARN_UNUSED_FUNCTION = YES;
				GCC_WARN_UNUSED_VARIABLE = YES;
				IPHONEOS_DEPLOYMENT_TARGET = 14.0;
				MTL_ENABLE_DEBUG_INFO = NO;
				MTL_FAST_MATH = YES;
				SDKROOT = iphoneos;
				SWIFT_COMPILATION_MODE = wholemodule;
				SWIFT_OPTIMIZATION_LEVEL = "-O";
				VALIDATE_PRODUCT = YES;
			};
			name = Release;
		};
		180F958D2A1B356000C571FD /* Debug */ = {
			isa = XCBuildConfiguration;
			buildSettings = {
				ASSETCATALOG_COMPILER_APPICON_NAME = AppIcon;
				ASSETCATALOG_COMPILER_GLOBAL_ACCENT_COLOR_NAME = AccentColor;
				CODE_SIGN_STYLE = Automatic;
				CURRENT_PROJECT_VERSION = 1;
				DEVELOPMENT_TEAM = BH7V49ZZ2G;
				GENERATE_INFOPLIST_FILE = YES;
				INFOPLIST_FILE = MODA/Resource/Info.plist;
				INFOPLIST_KEY_UIApplicationSupportsIndirectInputEvents = YES;
				INFOPLIST_KEY_UILaunchStoryboardName = LaunchScreen.storyboard;
				INFOPLIST_KEY_UIMainStoryboardFile = "";
				INFOPLIST_KEY_UIStatusBarStyle = "";
				INFOPLIST_KEY_UISupportedInterfaceOrientations_iPad = "UIInterfaceOrientationPortrait UIInterfaceOrientationPortraitUpsideDown UIInterfaceOrientationLandscapeLeft UIInterfaceOrientationLandscapeRight";
				INFOPLIST_KEY_UISupportedInterfaceOrientations_iPhone = "UIInterfaceOrientationPortrait UIInterfaceOrientationLandscapeLeft UIInterfaceOrientationLandscapeRight";
				IPHONEOS_DEPLOYMENT_TARGET = 14.0;
				LD_RUNPATH_SEARCH_PATHS = (
					"$(inherited)",
					"@executable_path/Frameworks",
				);
				MARKETING_VERSION = 1.0;
				PRODUCT_BUNDLE_IDENTIFIER = com.minii.MODA;
				PRODUCT_NAME = "$(TARGET_NAME)";
				SUPPORTED_PLATFORMS = "iphoneos iphonesimulator";
				SUPPORTS_MACCATALYST = NO;
				SUPPORTS_MAC_DESIGNED_FOR_IPHONE_IPAD = NO;
				SWIFT_EMIT_LOC_STRINGS = YES;
				SWIFT_VERSION = 5.0;
				TARGETED_DEVICE_FAMILY = 1;
			};
			name = Debug;
		};
		180F958E2A1B356000C571FD /* Release */ = {
			isa = XCBuildConfiguration;
			buildSettings = {
				ASSETCATALOG_COMPILER_APPICON_NAME = AppIcon;
				ASSETCATALOG_COMPILER_GLOBAL_ACCENT_COLOR_NAME = AccentColor;
				CODE_SIGN_STYLE = Automatic;
				CURRENT_PROJECT_VERSION = 1;
				DEVELOPMENT_TEAM = BH7V49ZZ2G;
				GENERATE_INFOPLIST_FILE = YES;
				INFOPLIST_FILE = MODA/Resource/Info.plist;
				INFOPLIST_KEY_UIApplicationSupportsIndirectInputEvents = YES;
				INFOPLIST_KEY_UILaunchStoryboardName = LaunchScreen.storyboard;
				INFOPLIST_KEY_UIMainStoryboardFile = "";
				INFOPLIST_KEY_UIStatusBarStyle = "";
				INFOPLIST_KEY_UISupportedInterfaceOrientations_iPad = "UIInterfaceOrientationPortrait UIInterfaceOrientationPortraitUpsideDown UIInterfaceOrientationLandscapeLeft UIInterfaceOrientationLandscapeRight";
				INFOPLIST_KEY_UISupportedInterfaceOrientations_iPhone = "UIInterfaceOrientationPortrait UIInterfaceOrientationLandscapeLeft UIInterfaceOrientationLandscapeRight";
				IPHONEOS_DEPLOYMENT_TARGET = 14.0;
				LD_RUNPATH_SEARCH_PATHS = (
					"$(inherited)",
					"@executable_path/Frameworks",
				);
				MARKETING_VERSION = 1.0;
				PRODUCT_BUNDLE_IDENTIFIER = com.minii.MODA;
				PRODUCT_NAME = "$(TARGET_NAME)";
				SUPPORTED_PLATFORMS = "iphoneos iphonesimulator";
				SUPPORTS_MACCATALYST = NO;
				SUPPORTS_MAC_DESIGNED_FOR_IPHONE_IPAD = NO;
				SWIFT_EMIT_LOC_STRINGS = YES;
				SWIFT_VERSION = 5.0;
				TARGETED_DEVICE_FAMILY = 1;
			};
			name = Release;
		};
/* End XCBuildConfiguration section */

/* Begin XCConfigurationList section */
		180F95732A1B355F00C571FD /* Build configuration list for PBXProject "MODA" */ = {
			isa = XCConfigurationList;
			buildConfigurations = (
				180F958A2A1B356000C571FD /* Debug */,
				180F958B2A1B356000C571FD /* Release */,
			);
			defaultConfigurationIsVisible = 0;
			defaultConfigurationName = Release;
		};
		180F958C2A1B356000C571FD /* Build configuration list for PBXNativeTarget "MODA" */ = {
			isa = XCConfigurationList;
			buildConfigurations = (
				180F958D2A1B356000C571FD /* Debug */,
				180F958E2A1B356000C571FD /* Release */,
			);
			defaultConfigurationIsVisible = 0;
			defaultConfigurationName = Release;
		};
/* End XCConfigurationList section */

/* Begin XCRemoteSwiftPackageReference section */
		185F81642A1CCA6A00C4D554 /* XCRemoteSwiftPackageReference "SnapKit" */ = {
			isa = XCRemoteSwiftPackageReference;
			repositoryURL = "https://github.com/SnapKit/SnapKit.git";
			requirement = {
				kind = exactVersion;
				version = 5.6.0;
			};
		};
		18D0154C2A1FBA45002DBF22 /* XCRemoteSwiftPackageReference "RxSwift" */ = {
			isa = XCRemoteSwiftPackageReference;
			repositoryURL = "https://github.com/ReactiveX/RxSwift.git";
			requirement = {
				kind = exactVersion;
				version = 6.1.0;
			};
		};
/* End XCRemoteSwiftPackageReference section */

/* Begin XCSwiftPackageProductDependency section */
		185F81652A1CCA6A00C4D554 /* SnapKit */ = {
			isa = XCSwiftPackageProductDependency;
			package = 185F81642A1CCA6A00C4D554 /* XCRemoteSwiftPackageReference "SnapKit" */;
			productName = SnapKit;
		};
		18D0154D2A1FBA45002DBF22 /* RxCocoa */ = {
			isa = XCSwiftPackageProductDependency;
			package = 18D0154C2A1FBA45002DBF22 /* XCRemoteSwiftPackageReference "RxSwift" */;
			productName = RxCocoa;
		};
		18D0154F2A1FBA45002DBF22 /* RxRelay */ = {
			isa = XCSwiftPackageProductDependency;
			package = 18D0154C2A1FBA45002DBF22 /* XCRemoteSwiftPackageReference "RxSwift" */;
			productName = RxRelay;
		};
		18D015512A1FBA45002DBF22 /* RxSwift */ = {
			isa = XCSwiftPackageProductDependency;
			package = 18D0154C2A1FBA45002DBF22 /* XCRemoteSwiftPackageReference "RxSwift" */;
			productName = RxSwift;
		};
/* End XCSwiftPackageProductDependency section */
	};
	rootObject = 180F95702A1B355F00C571FD /* Project object */;
}
